
Microsoft Visual Studio Solution File, Format Version 12.00
# Visual Studio Version 17
VisualStudioVersion = 17.14.36518.9 d17.14
MinimumVisualStudioVersion = 10.0.40219.1
Project("{FAE04EC0-301F-11D3-BF4B-00C04F79EFBC}") = "WebApplication2_web_demo_102025", "WebApplication2_web_demo_102025\WebApplication2_web_demo_102025.csproj", "{2C837C33-CA95-42ED-8383-A99B6C22572F}"
EndProject
Project("{FAE04EC0-301F-11D3-BF4B-00C04F79EFBC}") = "toan_lop_1", "toan_lop_1\toan_lop_1.csproj", "{6C4EDC74-E4D8-4682-8B7B-5F822218700D}"
EndProject
Project("{FAE04EC0-301F-11D3-BF4B-00C04F79EFBC}") = "console_test_dll", "console_test_dll\console_test_dll.csproj", "{34B86DE4-1A38-48F5-9C9D-BEF8FEA43ACE}"
EndProject
Project("{FAE04EC0-301F-11D3-BF4B-00C04F79EFBC}") = "WindowsFormsApp_test_dell", "WindowsFormsApp_test_dell\WindowsFormsApp_test_dell.csproj", "{B95FB6D6-4E8C-4613-9C40-DACBCBA163D2}"
EndProject
Global
	GlobalSection(SolutionConfigurationPlatforms) = preSolution
		Debug|Any CPU = Debug|Any CPU
		Release|Any CPU = Release|Any CPU
	EndGlobalSection
	GlobalSection(ProjectConfigurationPlatforms) = postSolution
		{2C837C33-CA95-42ED-8383-A99B6C22572F}.Debug|Any CPU.ActiveCfg = Debug|Any CPU
		{2C837C33-CA95-42ED-8383-A99B6C22572F}.Debug|Any CPU.Build.0 = Debug|Any CPU
		{2C837C33-CA95-42ED-8383-A99B6C22572F}.Release|Any CPU.ActiveCfg = Release|Any CPU
		{2C837C33-CA95-42ED-8383-A99B6C22572F}.Release|Any CPU.Build.0 = Release|Any CPU
		{6C4EDC74-E4D8-4682-8B7B-5F822218700D}.Debug|Any CPU.ActiveCfg = Debug|Any CPU
		{6C4EDC74-E4D8-4682-8B7B-5F822218700D}.Debug|Any CPU.Build.0 = Debug|Any CPU
		{6C4EDC74-E4D8-4682-8B7B-5F822218700D}.Release|Any CPU.ActiveCfg = Release|Any CPU
		{6C4EDC74-E4D8-4682-8B7B-5F822218700D}.Release|Any CPU.Build.0 = Release|Any CPU
		{34B86DE4-1A38-48F5-9C9D-BEF8FEA43ACE}.Debug|Any CPU.ActiveCfg = Debug|Any CPU
		{34B86DE4-1A38-48F5-9C9D-BEF8FEA43ACE}.Debug|Any CPU.Build.0 = Debug|Any CPU
		{34B86DE4-1A38-48F5-9C9D-BEF8FEA43ACE}.Release|Any CPU.ActiveCfg = Release|Any CPU
		{34B86DE4-1A38-48F5-9C9D-BEF8FEA43ACE}.Release|Any CPU.Build.0 = Release|Any CPU
		{B95FB6D6-4E8C-4613-9C40-DACBCBA163D2}.Debug|Any CPU.ActiveCfg = Debug|Any CPU
		{B95FB6D6-4E8C-4613-9C40-DACBCBA163D2}.Debug|Any CPU.Build.0 = Debug|Any CPU
		{B95FB6D6-4E8C-4613-9C40-DACBCBA163D2}.Release|Any CPU.ActiveCfg = Release|Any CPU
		{B95FB6D6-4E8C-4613-9C40-DACBCBA163D2}.Release|Any CPU.Build.0 = Release|Any CPU
	EndGlobalSection
	GlobalSection(SolutionProperties) = preSolution
		HideSolutionNode = FALSE
	EndGlobalSection
	GlobalSection(ExtensibilityGlobals) = postSolution
		SolutionGuid = {0C9C8230-87D9-485D-A0BE-EE141F0925A1}
	EndGlobalSection
EndGlobal
