
Microsoft Visual Studio Solution File, Format Version 12.00
# Visual Studio Version 17
VisualStudioVersion = 17.14.36518.9 d17.14
MinimumVisualStudioVersion = 10.0.40219.1
Project("{FAE04EC0-301F-11D3-BF4B-00C04F79EFBC}") = "b1", "b1\b1.csproj", "{2CA29713-6BE8-4229-B1BE-D0965CCE0350}"
EndProject
Global
	GlobalSection(SolutionConfigurationPlatforms) = preSolution
		Debug|Any CPU = Debug|Any CPU
		Release|Any CPU = Release|Any CPU
	EndGlobalSection
	GlobalSection(ProjectConfigurationPlatforms) = postSolution
		{2CA29713-6BE8-4229-B1BE-D0965CCE0350}.Debug|Any CPU.ActiveCfg = Debug|Any CPU
		{2CA29713-6BE8-4229-B1BE-D0965CCE0350}.Debug|Any CPU.Build.0 = Debug|Any CPU
		{2CA29713-6BE8-4229-B1BE-D0965CCE0350}.Release|Any CPU.ActiveCfg = Release|Any CPU
		{2CA29713-6BE8-4229-B1BE-D0965CCE0350}.Release|Any CPU.Build.0 = Release|Any CPU
	EndGlobalSection
	GlobalSection(SolutionProperties) = preSolution
		HideSolutionNode = FALSE
	EndGlobalSection
	GlobalSection(ExtensibilityGlobals) = postSolution
		SolutionGuid = {9627B6DB-F27D-4DE8-961F-660868E44390}
	EndGlobalSection
EndGlobal
